
Microsoft Visual Studio Solution File, Format Version 12.00
# Visual Studio Version 16
VisualStudioVersion = 16.0.29613.14
MinimumVisualStudioVersion = 10.0.40219.1
Project("{FAE04EC0-301F-11D3-BF4B-00C04F79EFBC}") = "StackOverflow", "StackOverflow\StackOverflow.csproj", "{37930A95-B746-43DC-BB6A-47B13D458914}"
EndProject
Project("{FAE04EC0-301F-11D3-BF4B-00C04F79EFBC}") = "StackOverflow.DomainModels", "StackOverflow.DomainModels\StackOverflow.DomainModels.csproj", "{346471D3-B440-43EF-8147-6A542393A9F1}"
EndProject
Project("{FAE04EC0-301F-11D3-BF4B-00C04F79EFBC}") = "StackOverflow.ViewModels", "StackOverflow.ViewModels\StackOverflow.ViewModels.csproj", "{8922C068-926A-4030-81CA-70CFFDAB52DA}"
EndProject
Project("{FAE04EC0-301F-11D3-BF4B-00C04F79EFBC}") = "StackOverflow.ServiceLayer", "StackOverflow.ServiceLayers\StackOverflow.ServiceLayer.csproj", "{F29EC008-B92F-41C3-B621-6CD39C935896}"
EndProject
Project("{FAE04EC0-301F-11D3-BF4B-00C04F79EFBC}") = "StackOverflow.Repositories", "StackOverflow.Repositories\StackOverflow.Repositories.csproj", "{39F97A21-C85A-4BF5-A639-669FEA0CA5AB}"
EndProject
Global
	GlobalSection(SolutionConfigurationPlatforms) = preSolution
		Debug|Any CPU = Debug|Any CPU
		Release|Any CPU = Release|Any CPU
	EndGlobalSection
	GlobalSection(ProjectConfigurationPlatforms) = postSolution
		{37930A95-B746-43DC-BB6A-47B13D458914}.Debug|Any CPU.ActiveCfg = Debug|Any CPU
		{37930A95-B746-43DC-BB6A-47B13D458914}.Debug|Any CPU.Build.0 = Debug|Any CPU
		{37930A95-B746-43DC-BB6A-47B13D458914}.Release|Any CPU.ActiveCfg = Release|Any CPU
		{37930A95-B746-43DC-BB6A-47B13D458914}.Release|Any CPU.Build.0 = Release|Any CPU
		{346471D3-B440-43EF-8147-6A542393A9F1}.Debug|Any CPU.ActiveCfg = Debug|Any CPU
		{346471D3-B440-43EF-8147-6A542393A9F1}.Debug|Any CPU.Build.0 = Debug|Any CPU
		{346471D3-B440-43EF-8147-6A542393A9F1}.Release|Any CPU.ActiveCfg = Release|Any CPU
		{346471D3-B440-43EF-8147-6A542393A9F1}.Release|Any CPU.Build.0 = Release|Any CPU
		{8922C068-926A-4030-81CA-70CFFDAB52DA}.Debug|Any CPU.ActiveCfg = Debug|Any CPU
		{8922C068-926A-4030-81CA-70CFFDAB52DA}.Debug|Any CPU.Build.0 = Debug|Any CPU
		{8922C068-926A-4030-81CA-70CFFDAB52DA}.Release|Any CPU.ActiveCfg = Release|Any CPU
		{8922C068-926A-4030-81CA-70CFFDAB52DA}.Release|Any CPU.Build.0 = Release|Any CPU
		{F29EC008-B92F-41C3-B621-6CD39C935896}.Debug|Any CPU.ActiveCfg = Debug|Any CPU
		{F29EC008-B92F-41C3-B621-6CD39C935896}.Debug|Any CPU.Build.0 = Debug|Any CPU
		{F29EC008-B92F-41C3-B621-6CD39C935896}.Release|Any CPU.ActiveCfg = Release|Any CPU
		{F29EC008-B92F-41C3-B621-6CD39C935896}.Release|Any CPU.Build.0 = Release|Any CPU
		{39F97A21-C85A-4BF5-A639-669FEA0CA5AB}.Debug|Any CPU.ActiveCfg = Debug|Any CPU
		{39F97A21-C85A-4BF5-A639-669FEA0CA5AB}.Debug|Any CPU.Build.0 = Debug|Any CPU
		{39F97A21-C85A-4BF5-A639-669FEA0CA5AB}.Release|Any CPU.ActiveCfg = Release|Any CPU
		{39F97A21-C85A-4BF5-A639-669FEA0CA5AB}.Release|Any CPU.Build.0 = Release|Any CPU
	EndGlobalSection
	GlobalSection(SolutionProperties) = preSolution
		HideSolutionNode = FALSE
	EndGlobalSection
	GlobalSection(ExtensibilityGlobals) = postSolution
		SolutionGuid = {1CF3AEBC-CE33-4094-A758-EDDA1895ED8A}
	EndGlobalSection
EndGlobal
